
Microsoft Visual Studio Solution File, Format Version 12.00
# Visual Studio 15
VisualStudioVersion = 15.0.28307.271
MinimumVisualStudioVersion = 10.0.40219.1
Project("{8BC9CEB8-8B4A-11D0-8D11-00A0C91BC942}") = "uavcan_node", "uavcan_node\uavcan_node.vcxproj", "{8A8CFECD-B94B-4639-91B5-5C2488534F51}"
EndProject
Global
	GlobalSection(SolutionConfigurationPlatforms) = preSolution
		Debug|VisualGDB = Debug|VisualGDB
		Release|VisualGDB = Release|VisualGDB
	EndGlobalSection
	GlobalSection(ProjectConfigurationPlatforms) = postSolution
		{8A8CFECD-B94B-4639-91B5-5C2488534F51}.Debug|VisualGDB.ActiveCfg = Debug|VisualGDB
		{8A8CFECD-B94B-4639-91B5-5C2488534F51}.Debug|VisualGDB.Build.0 = Debug|VisualGDB
		{8A8CFECD-B94B-4639-91B5-5C2488534F51}.Release|VisualGDB.ActiveCfg = Release|VisualGDB
		{8A8CFECD-B94B-4639-91B5-5C2488534F51}.Release|VisualGDB.Build.0 = Release|VisualGDB
	EndGlobalSection
	GlobalSection(SolutionProperties) = preSolution
		HideSolutionNode = FALSE
	EndGlobalSection
	GlobalSection(ExtensibilityGlobals) = postSolution
		SolutionGuid = {6CFF3259-57F8-4162-9B37-51E6E3CF7312}
	EndGlobalSection
EndGlobal
