<?xml version="1.0" encoding="utf-8"?>
<Project ToolsVersion="4.0" xmlns="http://schemas.microsoft.com/developer/msbuild/2003">
  <ItemGroup>
    <Filter Include="Source files">
      <UniqueIdentifier>{ccc543f7-3625-4288-b7a2-1d9cb7a1dd1a}</UniqueIdentifier>
      <Extensions>cpp;c;cc;cxx;def;odl;idl;hpj;bat;asm;asmx</Extensions>
    </Filter>
    <Filter Include="Header files">
      <UniqueIdentifier>{7ff5303c-d017-49c7-babe-b5e22ba2359f}</UniqueIdentifier>
      <Extensions>h;hpp;hxx;hm;inl;inc;xsd</Extensions>
    </Filter>
    <Filter Include="Source files\Startup">
      <UniqueIdentifier>{5cd06711-2855-4dc8-b4b1-30e9fe56bb0d}</UniqueIdentifier>
    </Filter>
    <Filter Include="Source files\STM32Cube HAL">
      <UniqueIdentifier>{21da156e-bbf1-462e-a387-f7ff219abcb4}</UniqueIdentifier>
    </Filter>
    <Filter Include="Source files\STM32Cube HAL\COMMON">
      <UniqueIdentifier>{c1c4757c-6478-4d32-a981-84ca094f0648}</UniqueIdentifier>
    </Filter>
    <Filter Include="Source files\STM32Cube HAL\CAN">
      <UniqueIdentifier>{0f90f34d-abb3-4b79-9ec0-ed938b964eb3}</UniqueIdentifier>
    </Filter>
    <Filter Include="Source files\STM32Cube HAL\RCC">
      <UniqueIdentifier>{0ee95b0b-0be4-497f-9063-be00e4076bad}</UniqueIdentifier>
    </Filter>
    <Filter Include="Source files\STM32Cube HAL\CORTEX">
      <UniqueIdentifier>{a9a6a120-f675-40a0-b2a3-a6a1880ee014}</UniqueIdentifier>
    </Filter>
    <Filter Include="Source files\STM32Cube HAL\TIM">
      <UniqueIdentifier>{d5ca7b6e-3686-4908-a7d6-8166c50ce5d2}</UniqueIdentifier>
    </Filter>
    <Filter Include="Source files\STM32Cube HAL\UART">
      <UniqueIdentifier>{82c93a5c-11e5-4094-ac38-bea1d48cd284}</UniqueIdentifier>
    </Filter>
    <Filter Include="Source files\STM32Cube HAL\DMA">
      <UniqueIdentifier>{eeca670a-f334-489f-a15f-735432c16589}</UniqueIdentifier>
    </Filter>
    <Filter Include="Source files\STM32Cube HAL\PWR">
      <UniqueIdentifier>{d8619e07-6e38-4d17-b412-67599ac2f609}</UniqueIdentifier>
    </Filter>
    <Filter Include="Source files\STM32Cube HAL\FLASH">
      <UniqueIdentifier>{4c00f202-124a-4bea-b272-c9f964c93d01}</UniqueIdentifier>
    </Filter>
    <Filter Include="Source files\STM32Cube HAL\GPIO">
      <UniqueIdentifier>{9c341c42-841e-4d70-84ef-e210908db765}</UniqueIdentifier>
    </Filter>
    <Filter Include="Source files\Device-specific files">
      <UniqueIdentifier>{f28aaa29-76d6-4494-b658-fc677cb6e6d0}</UniqueIdentifier>
    </Filter>
    <Filter Include="Header files\Startup">
      <UniqueIdentifier>{a3def75d-cea3-4eb2-8c31-d352be2f73a5}</UniqueIdentifier>
    </Filter>
    <Filter Include="Header files\STM32Cube HAL">
      <UniqueIdentifier>{7b1179aa-9087-43ba-8681-5b44de72faad}</UniqueIdentifier>
    </Filter>
    <Filter Include="Header files\STM32Cube HAL\COMMON">
      <UniqueIdentifier>{ade38aed-a557-420c-b644-ad83478f4111}</UniqueIdentifier>
    </Filter>
    <Filter Include="Header files\STM32Cube HAL\CAN">
      <UniqueIdentifier>{2bccdf79-6fc8-40f3-b13d-4972665fa527}</UniqueIdentifier>
    </Filter>
    <Filter Include="Header files\STM32Cube HAL\RCC">
      <UniqueIdentifier>{2b200bf6-3de6-4476-b272-89881a941dda}</UniqueIdentifier>
    </Filter>
    <Filter Include="Header files\STM32Cube HAL\CORTEX">
      <UniqueIdentifier>{035fc973-b0dc-4f27-8802-cec9e893f242}</UniqueIdentifier>
    </Filter>
    <Filter Include="Header files\STM32Cube HAL\TIM">
      <UniqueIdentifier>{a579e724-a64a-4719-8dcc-5d45e450b17e}</UniqueIdentifier>
    </Filter>
    <Filter Include="Header files\STM32Cube HAL\UART">
      <UniqueIdentifier>{ab491dc8-5129-43e8-9538-3aac955ef762}</UniqueIdentifier>
    </Filter>
    <Filter Include="Header files\STM32Cube HAL\DMA">
      <UniqueIdentifier>{61a4c633-0de2-4fa4-bac1-8addeba889f8}</UniqueIdentifier>
    </Filter>
    <Filter Include="Header files\STM32Cube HAL\PWR">
      <UniqueIdentifier>{4ea07353-2443-4e57-afdd-f4a08de97562}</UniqueIdentifier>
    </Filter>
    <Filter Include="Header files\STM32Cube HAL\FLASH">
      <UniqueIdentifier>{27b41086-3e66-4b5f-9bc4-9e1b381f57d6}</UniqueIdentifier>
    </Filter>
    <Filter Include="Header files\STM32Cube HAL\GPIO">
      <UniqueIdentifier>{df71064b-9426-4150-9f18-65390d4209e5}</UniqueIdentifier>
    </Filter>
    <Filter Include="VisualGDB settings">
      <UniqueIdentifier>{dc45df86-a6de-4297-bb4e-7fc832c8dad5}</UniqueIdentifier>
    </Filter>
    <Filter Include="config">
      <UniqueIdentifier>{3a69c48c-160d-452d-b828-91d7b95154f8}</UniqueIdentifier>
    </Filter>
    <Filter Include="Source files\uavcan">
      <UniqueIdentifier>{f74a7a1a-b3d5-4b7c-93c8-2a17ded4114e}</UniqueIdentifier>
    </Filter>
    <Filter Include="Source files\uavcan\driver">
      <UniqueIdentifier>{db35b407-474b-4419-a139-e6e2a99ca3f5}</UniqueIdentifier>
    </Filter>
    <Filter Include="Source files\uavcan\marshal">
      <UniqueIdentifier>{de779506-bf12-419a-acdd-e604c1aa2148}</UniqueIdentifier>
    </Filter>
    <Filter Include="Source files\uavcan\protocol">
      <UniqueIdentifier>{378088e3-d0df-4177-9a75-d69a571e025d}</UniqueIdentifier>
    </Filter>
    <Filter Include="Source files\uavcan\node">
      <UniqueIdentifier>{504fddac-d31f-4f72-bae3-403cadf68c95}</UniqueIdentifier>
    </Filter>
    <Filter Include="Source files\uavcan\transport">
      <UniqueIdentifier>{5c5571e1-a42b-48fd-b177-f71a50713450}</UniqueIdentifier>
    </Filter>
    <Filter Include="Source files\uavcan_driver">
      <UniqueIdentifier>{e8352739-44f8-4273-b4a4-5ff49c295651}</UniqueIdentifier>
    </Filter>
    <Filter Include="Header files\uavcan">
      <UniqueIdentifier>{090d33b3-fb51-40f9-91b7-8984dec558ec}</UniqueIdentifier>
    </Filter>
    <Filter Include="Header files\Controllers">
      <UniqueIdentifier>{53d9b034-5d3a-4b96-bb7c-b757f9ec4685}</UniqueIdentifier>
    </Filter>
    <Filter Include="Source files\Controllers">
      <UniqueIdentifier>{f1c23200-d8ff-4b1c-bc8c-011cc267f79d}</UniqueIdentifier>
    </Filter>
    <Filter Include="Header files\Helpers">
      <UniqueIdentifier>{c2fd60fa-39b1-4c23-81f5-8ac021f41e12}</UniqueIdentifier>
    </Filter>
  </ItemGroup>
  <ItemGroup>
    <ClCompile Include="Src\stm32f1xx_it.c">
      <Filter>Source files</Filter>
    </ClCompile>
    <ClCompile Include="Src\stm32f1xx_hal_msp.c">
      <Filter>Source files</Filter>
    </ClCompile>
    <ClCompile Include="Drivers\CMSIS\Device\ST\STM32F1xx\Source\Templates\system_stm32f1xx.c">
      <Filter>Source files\Startup</Filter>
    </ClCompile>
    <ClCompile Include="Drivers\STM32F1xx_HAL_Driver\Src\stm32f1xx_hal.c">
      <Filter>Source files\STM32Cube HAL\COMMON</Filter>
    </ClCompile>
    <ClCompile Include="Drivers\STM32F1xx_HAL_Driver\Src\stm32f1xx_hal_can.c">
      <Filter>Source files\STM32Cube HAL\CAN</Filter>
    </ClCompile>
    <ClCompile Include="Drivers\STM32F1xx_HAL_Driver\Src\stm32f1xx_hal_rcc.c">
      <Filter>Source files\STM32Cube HAL\RCC</Filter>
    </ClCompile>
    <ClCompile Include="Drivers\STM32F1xx_HAL_Driver\Src\stm32f1xx_hal_rcc_ex.c">
      <Filter>Source files\STM32Cube HAL\RCC</Filter>
    </ClCompile>
    <ClCompile Include="Drivers\STM32F1xx_HAL_Driver\Src\stm32f1xx_hal_cortex.c">
      <Filter>Source files\STM32Cube HAL\CORTEX</Filter>
    </ClCompile>
    <ClCompile Include="Drivers\STM32F1xx_HAL_Driver\Src\stm32f1xx_hal_tim.c">
      <Filter>Source files\STM32Cube HAL\TIM</Filter>
    </ClCompile>
    <ClCompile Include="Drivers\STM32F1xx_HAL_Driver\Src\stm32f1xx_hal_tim_ex.c">
      <Filter>Source files\STM32Cube HAL\TIM</Filter>
    </ClCompile>
    <ClCompile Include="Drivers\STM32F1xx_HAL_Driver\Src\stm32f1xx_hal_uart.c">
      <Filter>Source files\STM32Cube HAL\UART</Filter>
    </ClCompile>
    <ClCompile Include="Drivers\STM32F1xx_HAL_Driver\Src\stm32f1xx_hal_dma.c">
      <Filter>Source files\STM32Cube HAL\DMA</Filter>
    </ClCompile>
    <ClCompile Include="Drivers\STM32F1xx_HAL_Driver\Src\stm32f1xx_hal_pwr.c">
      <Filter>Source files\STM32Cube HAL\PWR</Filter>
    </ClCompile>
    <ClCompile Include="Drivers\STM32F1xx_HAL_Driver\Src\stm32f1xx_hal_flash.c">
      <Filter>Source files\STM32Cube HAL\FLASH</Filter>
    </ClCompile>
    <ClCompile Include="Drivers\STM32F1xx_HAL_Driver\Src\stm32f1xx_hal_flash_ex.c">
      <Filter>Source files\STM32Cube HAL\FLASH</Filter>
    </ClCompile>
    <ClCompile Include="Drivers\STM32F1xx_HAL_Driver\Src\stm32f1xx_hal_gpio.c">
      <Filter>Source files\STM32Cube HAL\GPIO</Filter>
    </ClCompile>
    <None Include="stm32.props">
      <Filter>Source files\Device-specific files</Filter>
    </None>
    <ClCompile Include="$(BSP_ROOT)\STM32F1xxxx\StartupFiles\startup_stm32f103xe.c">
      <Filter>Source files\Device-specific files</Filter>
    </ClCompile>
    <ClInclude Include="Inc\stm32f1xx_it.h">
      <Filter>Header files</Filter>
    </ClInclude>
    <ClInclude Include="Inc\stm32f1xx_hal_conf.h">
      <Filter>Header files</Filter>
    </ClInclude>
    <ClInclude Include="Drivers\CMSIS\Device\ST\STM32F1xx\Include\stm32f1xx.h">
      <Filter>Header files\Startup</Filter>
    </ClInclude>
    <ClInclude Include="Drivers\CMSIS\Device\ST\STM32F1xx\Include\system_stm32f1xx.h">
      <Filter>Header files\Startup</Filter>
    </ClInclude>
    <ClInclude Include="Drivers\STM32F1xx_HAL_Driver\Inc\stm32f1xx_hal.h">
      <Filter>Header files\STM32Cube HAL\COMMON</Filter>
    </ClInclude>
    <ClInclude Include="Drivers\STM32F1xx_HAL_Driver\Inc\Legacy\stm32_hal_legacy.h">
      <Filter>Header files\STM32Cube HAL\COMMON</Filter>
    </ClInclude>
    <ClInclude Include="Drivers\STM32F1xx_HAL_Driver\Inc\stm32f1xx_hal_def.h">
      <Filter>Header files\STM32Cube HAL\COMMON</Filter>
    </ClInclude>
    <ClInclude Include="Drivers\STM32F1xx_HAL_Driver\Inc\stm32f1xx_hal_can.h">
      <Filter>Header files\STM32Cube HAL\CAN</Filter>
    </ClInclude>
    <ClInclude Include="Drivers\STM32F1xx_HAL_Driver\Inc\stm32f1xx_hal_rcc.h">
      <Filter>Header files\STM32Cube HAL\RCC</Filter>
    </ClInclude>
    <ClInclude Include="Drivers\STM32F1xx_HAL_Driver\Inc\stm32f1xx_hal_rcc_ex.h">
      <Filter>Header files\STM32Cube HAL\RCC</Filter>
    </ClInclude>
    <ClInclude Include="Drivers\STM32F1xx_HAL_Driver\Inc\stm32f1xx_hal_cortex.h">
      <Filter>Header files\STM32Cube HAL\CORTEX</Filter>
    </ClInclude>
    <ClInclude Include="Drivers\STM32F1xx_HAL_Driver\Inc\stm32f1xx_hal_tim.h">
      <Filter>Header files\STM32Cube HAL\TIM</Filter>
    </ClInclude>
    <ClInclude Include="Drivers\STM32F1xx_HAL_Driver\Inc\stm32f1xx_hal_tim_ex.h">
      <Filter>Header files\STM32Cube HAL\TIM</Filter>
    </ClInclude>
    <ClInclude Include="Drivers\STM32F1xx_HAL_Driver\Inc\stm32f1xx_hal_uart.h">
      <Filter>Header files\STM32Cube HAL\UART</Filter>
    </ClInclude>
    <ClInclude Include="Drivers\STM32F1xx_HAL_Driver\Inc\stm32f1xx_hal_dma_ex.h">
      <Filter>Header files\STM32Cube HAL\DMA</Filter>
    </ClInclude>
    <ClInclude Include="Drivers\STM32F1xx_HAL_Driver\Inc\stm32f1xx_hal_dma.h">
      <Filter>Header files\STM32Cube HAL\DMA</Filter>
    </ClInclude>
    <ClInclude Include="Drivers\STM32F1xx_HAL_Driver\Inc\stm32f1xx_hal_pwr.h">
      <Filter>Header files\STM32Cube HAL\PWR</Filter>
    </ClInclude>
    <ClInclude Include="Drivers\STM32F1xx_HAL_Driver\Inc\stm32f1xx_hal_flash.h">
      <Filter>Header files\STM32Cube HAL\FLASH</Filter>
    </ClInclude>
    <ClInclude Include="Drivers\STM32F1xx_HAL_Driver\Inc\stm32f1xx_hal_flash_ex.h">
      <Filter>Header files\STM32Cube HAL\FLASH</Filter>
    </ClInclude>
    <ClInclude Include="Drivers\STM32F1xx_HAL_Driver\Inc\stm32f1xx_hal_gpio.h">
      <Filter>Header files\STM32Cube HAL\GPIO</Filter>
    </ClInclude>
    <ClInclude Include="Drivers\STM32F1xx_HAL_Driver\Inc\stm32f1xx_hal_gpio_ex.h">
      <Filter>Header files\STM32Cube HAL\GPIO</Filter>
    </ClInclude>
    <ClCompile Include="Drivers\STM32F1xx_HAL_Driver\Src\stm32f1xx_hal_gpio_ex.c">
      <Filter>Header files\STM32Cube HAL\GPIO</Filter>
    </ClCompile>
    <None Include="uavcan_node-Debug.vgdbsettings">
      <Filter>VisualGDB settings</Filter>
    </None>
    <None Include="uavcan_node-Release.vgdbsettings">
      <Filter>VisualGDB settings</Filter>
    </None>
    <None Include="stm32.xml">
      <Filter>VisualGDB settings</Filter>
    </None>
    <ClCompile Include="Src\main.cpp">
      <Filter>Source files</Filter>
    </ClCompile>
    <ClCompile Include="config\config.cpp">
      <Filter>config</Filter>
    </ClCompile>
    <ClCompile Include="..\libuavcan\libuavcan\src\driver\uc_can.cpp">
      <Filter>Source files\uavcan\driver</Filter>
    </ClCompile>
    <ClCompile Include="..\libuavcan\libuavcan\src\marshal\uc_bit_array_copy.cpp">
      <Filter>Source files\uavcan\marshal</Filter>
    </ClCompile>
    <ClCompile Include="..\libuavcan\libuavcan\src\marshal\uc_bit_stream.cpp">
      <Filter>Source files\uavcan\marshal</Filter>
    </ClCompile>
    <ClCompile Include="..\libuavcan\libuavcan\src\marshal\uc_float_spec.cpp">
      <Filter>Source files\uavcan\marshal</Filter>
    </ClCompile>
    <ClCompile Include="..\libuavcan\libuavcan\src\marshal\uc_scalar_codec.cpp">
      <Filter>Source files\uavcan\marshal</Filter>
    </ClCompile>
    <ClCompile Include="..\libuavcan\libuavcan\src\protocol\uc_dynamic_node_id_client.cpp">
      <Filter>Source files\uavcan\protocol</Filter>
    </ClCompile>
    <ClCompile Include="..\libuavcan\libuavcan\src\protocol\uc_node_status_provider.cpp">
      <Filter>Source files\uavcan\protocol</Filter>
    </ClCompile>
    <ClCompile Include="..\libuavcan\libuavcan\src\node\uc_generic_publisher.cpp">
      <Filter>Source files\uavcan\node</Filter>
    </ClCompile>
    <ClCompile Include="..\libuavcan\libuavcan\src\node\uc_generic_subscriber.cpp">
      <Filter>Source files\uavcan\node</Filter>
    </ClCompile>
    <ClCompile Include="..\libuavcan\libuavcan\src\node\uc_global_data_type_registry.cpp">
      <Filter>Source files\uavcan\node</Filter>
    </ClCompile>
    <ClCompile Include="..\libuavcan\libuavcan\src\node\uc_scheduler.cpp">
      <Filter>Source files\uavcan\node</Filter>
    </ClCompile>
    <ClCompile Include="..\libuavcan\libuavcan\src\node\uc_service_client.cpp">
      <Filter>Source files\uavcan\node</Filter>
    </ClCompile>
    <ClCompile Include="..\libuavcan\libuavcan\src\node\uc_timer.cpp">
      <Filter>Source files\uavcan\node</Filter>
    </ClCompile>
    <ClCompile Include="..\libuavcan\libuavcan\src\transport\uc_can_acceptance_filter_configurator.cpp">
      <Filter>Source files\uavcan\transport</Filter>
    </ClCompile>
    <ClCompile Include="..\libuavcan\libuavcan\src\transport\uc_can_io.cpp">
      <Filter>Source files\uavcan\transport</Filter>
    </ClCompile>
    <ClCompile Include="..\libuavcan\libuavcan\src\transport\uc_crc.cpp">
      <Filter>Source files\uavcan\transport</Filter>
    </ClCompile>
    <ClCompile Include="..\libuavcan\libuavcan\src\transport\uc_dispatcher.cpp">
      <Filter>Source files\uavcan\transport</Filter>
    </ClCompile>
    <ClCompile Include="..\libuavcan\libuavcan\src\transport\uc_frame.cpp">
      <Filter>Source files\uavcan\transport</Filter>
    </ClCompile>
    <ClCompile Include="..\libuavcan\libuavcan\src\transport\uc_outgoing_transfer_registry.cpp">
      <Filter>Source files\uavcan\transport</Filter>
    </ClCompile>
    <ClCompile Include="..\libuavcan\libuavcan\src\transport\uc_transfer.cpp">
      <Filter>Source files\uavcan\transport</Filter>
    </ClCompile>
    <ClCompile Include="..\libuavcan\libuavcan\src\transport\uc_transfer_buffer.cpp">
      <Filter>Source files\uavcan\transport</Filter>
    </ClCompile>
    <ClCompile Include="..\libuavcan\libuavcan\src\transport\uc_transfer_listener.cpp">
      <Filter>Source files\uavcan\transport</Filter>
    </ClCompile>
    <ClCompile Include="..\libuavcan\libuavcan\src\transport\uc_transfer_receiver.cpp">
      <Filter>Source files\uavcan\transport</Filter>
    </ClCompile>
    <ClCompile Include="..\libuavcan\libuavcan\src\transport\uc_transfer_sender.cpp">
      <Filter>Source files\uavcan\transport</Filter>
    </ClCompile>
    <ClCompile Include="..\libuavcan\libuavcan\src\uc_data_type.cpp">
      <Filter>Source files\uavcan</Filter>
    </ClCompile>
    <ClCompile Include="..\libuavcan\libuavcan\src\uc_dynamic_memory.cpp">
      <Filter>Source files\uavcan</Filter>
    </ClCompile>
    <ClCompile Include="..\libuavcan\libuavcan\src\uc_error.cpp">
      <Filter>Source files\uavcan</Filter>
    </ClCompile>
    <ClCompile Include="..\libuavcan\libuavcan_drivers\stm32\driver\src\uc_stm32_can.cpp">
      <Filter>Source files\uavcan_driver</Filter>
    </ClCompile>
    <ClCompile Include="..\libuavcan\libuavcan_drivers\stm32\driver\src\uc_stm32_clock.cpp">
      <Filter>Source files\uavcan_driver</Filter>
    </ClCompile>
    <ClCompile Include="..\libuavcan\libuavcan_drivers\stm32\driver\src\uc_stm32_thread.cpp">
      <Filter>Source files\uavcan_driver</Filter>
    </ClCompile>
    <ClCompile Include="Src\ESCController.cpp">
      <Filter>Source files\Controllers</Filter>
    </ClCompile>
    <ClCompile Include="Src\ServoController.cpp">
      <Filter>Source files\Controllers</Filter>
    </ClCompile>
    <ClCompile Include="Src\CanNode.cpp">
      <Filter>Source files\Controllers</Filter>
    </ClCompile>
    <ClCompile Include="Src\MarshalEngine.cpp">
      <Filter>Source files\Controllers</Filter>
    </ClCompile>
  </ItemGroup>
  <ItemGroup>
    <ClInclude Include="..\libuavcan\libuavcan\include\uavcan\build_config.hpp">
      <Filter>Header files\uavcan</Filter>
    </ClInclude>
    <ClInclude Include="..\libuavcan\libuavcan_drivers\stm32\driver\include\uavcan_stm32\build_config.hpp">
      <Filter>Header files\uavcan</Filter>
    </ClInclude>
    <ClInclude Include="Inc\main.hpp">
      <Filter>Header files</Filter>
    </ClInclude>
    <ClInclude Include="Inc\chip.h">
      <Filter>Header files\Startup</Filter>
    </ClInclude>
    <ClInclude Include="Inc\ESCController.hpp">
      <Filter>Header files\Controllers</Filter>
    </ClInclude>
    <ClInclude Include="Inc\ServoController.hpp">
      <Filter>Header files\Controllers</Filter>
    </ClInclude>
    <ClInclude Include="Inc\Config.hpp">
      <Filter>Header files\Startup</Filter>
    </ClInclude>
    <ClInclude Include="Inc\CanNode.hpp">
      <Filter>Header files\Controllers</Filter>
    </ClInclude>
    <ClInclude Include="Inc\ServoDevices.hpp">
      <Filter>Header files</Filter>
    </ClInclude>
    <ClInclude Include="Inc\ESCDevices.hpp">
      <Filter>Header files</Filter>
    </ClInclude>
    <ClInclude Include="Inc\NumericConvertions.hpp">
      <Filter>Header files\Helpers</Filter>
    </ClInclude>
    <ClInclude Include="Inc\CallbackT.h">
      <Filter>Header files\Helpers</Filter>
    </ClInclude>
    <ClInclude Include="Inc\Singleton.hpp">
      <Filter>Header files\Helpers</Filter>
    </ClInclude>
    <ClInclude Include="Inc\MarshalEngine.hpp">
      <Filter>Header files\Controllers</Filter>
    </ClInclude>
  </ItemGroup>
</Project>